
Microsoft Visual Studio Solution File, Format Version 12.00
# Visual Studio Version 17
VisualStudioVersion = 17.4.33122.133
MinimumVisualStudioVersion = 10.0.40219.1
Project("{9A19103F-16F7-4668-BE54-9A1E7A4F7556}") = "Isbm2RestClient", "src\Isbm2RestClient\Isbm2RestClient.csproj", "{BAE8DD2D-390B-48CC-BDBC-4F1A88E1BF07}"
EndProject
Project("{9A19103F-16F7-4668-BE54-9A1E7A4F7556}") = "Isbm2RestClient.Test", "src\Isbm2RestClient.Test\Isbm2RestClient.Test.csproj", "{19F1DEBC-DE5E-4517-8062-F000CD499087}"
EndProject
Project("{9A19103F-16F7-4668-BE54-9A1E7A4F7556}") = "Isbm2Client", "src\Isbm2Client\Isbm2Client.csproj", "{68DFEE51-DF37-482B-AA6B-E50A0C65532E}"
EndProject
Project("{9A19103F-16F7-4668-BE54-9A1E7A4F7556}") = "Isbm2Client.Test", "src\Isbm2Client.Test\Isbm2Client.Test.csproj", "{1C5970E2-BBFD-485B-93D4-49FA2E748862}"
EndProject
Project("{9A19103F-16F7-4668-BE54-9A1E7A4F7556}") = "BlazorServerExample", "BlazorServerExample\BlazorServerExample.csproj", "{569474FA-2B92-45F1-A9AA-E6F6AB6F7EEA}"
EndProject
Project("{2150E333-8FDC-42A3-9474-1A3956D46DE8}") = "src", "src", "{D537A6AA-1F0C-4EB3-BC47-2C80C0EEACDC}"
EndProject
Project("{FAE04EC0-301F-11D3-BF4B-00C04F79EFBC}") = "IsbmClientExample", "src\IsbmClientExample\IsbmClientExample.csproj", "{3FFA29E8-FA5F-443B-B52B-2A4C8209DDAA}"
EndProject
Global
	GlobalSection(SolutionConfigurationPlatforms) = preSolution
		Debug|Any CPU = Debug|Any CPU
		Release|Any CPU = Release|Any CPU
	EndGlobalSection
	GlobalSection(ProjectConfigurationPlatforms) = postSolution
		{BAE8DD2D-390B-48CC-BDBC-4F1A88E1BF07}.Debug|Any CPU.ActiveCfg = Debug|Any CPU
		{BAE8DD2D-390B-48CC-BDBC-4F1A88E1BF07}.Debug|Any CPU.Build.0 = Debug|Any CPU
		{BAE8DD2D-390B-48CC-BDBC-4F1A88E1BF07}.Release|Any CPU.ActiveCfg = Release|Any CPU
		{BAE8DD2D-390B-48CC-BDBC-4F1A88E1BF07}.Release|Any CPU.Build.0 = Release|Any CPU
		{19F1DEBC-DE5E-4517-8062-F000CD499087}.Debug|Any CPU.ActiveCfg = Debug|Any CPU
		{19F1DEBC-DE5E-4517-8062-F000CD499087}.Debug|Any CPU.Build.0 = Debug|Any CPU
		{19F1DEBC-DE5E-4517-8062-F000CD499087}.Release|Any CPU.ActiveCfg = Release|Any CPU
		{19F1DEBC-DE5E-4517-8062-F000CD499087}.Release|Any CPU.Build.0 = Release|Any CPU
		{68DFEE51-DF37-482B-AA6B-E50A0C65532E}.Debug|Any CPU.ActiveCfg = Debug|Any CPU
		{68DFEE51-DF37-482B-AA6B-E50A0C65532E}.Debug|Any CPU.Build.0 = Debug|Any CPU
		{68DFEE51-DF37-482B-AA6B-E50A0C65532E}.Release|Any CPU.ActiveCfg = Release|Any CPU
		{68DFEE51-DF37-482B-AA6B-E50A0C65532E}.Release|Any CPU.Build.0 = Release|Any CPU
		{1C5970E2-BBFD-485B-93D4-49FA2E748862}.Debug|Any CPU.ActiveCfg = Debug|Any CPU
		{1C5970E2-BBFD-485B-93D4-49FA2E748862}.Debug|Any CPU.Build.0 = Debug|Any CPU
		{1C5970E2-BBFD-485B-93D4-49FA2E748862}.Release|Any CPU.ActiveCfg = Release|Any CPU
		{1C5970E2-BBFD-485B-93D4-49FA2E748862}.Release|Any CPU.Build.0 = Release|Any CPU
		{569474FA-2B92-45F1-A9AA-E6F6AB6F7EEA}.Debug|Any CPU.ActiveCfg = Debug|Any CPU
		{569474FA-2B92-45F1-A9AA-E6F6AB6F7EEA}.Debug|Any CPU.Build.0 = Debug|Any CPU
		{569474FA-2B92-45F1-A9AA-E6F6AB6F7EEA}.Release|Any CPU.ActiveCfg = Release|Any CPU
		{569474FA-2B92-45F1-A9AA-E6F6AB6F7EEA}.Release|Any CPU.Build.0 = Release|Any CPU
		{3FFA29E8-FA5F-443B-B52B-2A4C8209DDAA}.Debug|Any CPU.ActiveCfg = Debug|Any CPU
		{3FFA29E8-FA5F-443B-B52B-2A4C8209DDAA}.Debug|Any CPU.Build.0 = Debug|Any CPU
		{3FFA29E8-FA5F-443B-B52B-2A4C8209DDAA}.Release|Any CPU.ActiveCfg = Release|Any CPU
		{3FFA29E8-FA5F-443B-B52B-2A4C8209DDAA}.Release|Any CPU.Build.0 = Release|Any CPU
	EndGlobalSection
	GlobalSection(SolutionProperties) = preSolution
		HideSolutionNode = FALSE
	EndGlobalSection
	GlobalSection(ExtensibilityGlobals) = postSolution
		SolutionGuid = {E09186B9-BE40-485C-B8C6-F545F18295E2}
	EndGlobalSection
	GlobalSection(NestedProjects) = preSolution
		{3FFA29E8-FA5F-443B-B52B-2A4C8209DDAA} = {D537A6AA-1F0C-4EB3-BC47-2C80C0EEACDC}
	EndGlobalSection
EndGlobal
