Microsoft Visual Studio Solution File, Format Version 12.00
# Visual Studio 2012
VisualStudioVersion = 12.0.0.0
MinimumVisualStudioVersion = 10.0.0.1
Project("{FAE04EC0-301F-11D3-BF4B-00C04F79EFBC}") = "Isbm2RestClient", "src\Isbm2RestClient\Isbm2RestClient.csproj", "{BAE8DD2D-390B-48CC-BDBC-4F1A88E1BF07}"
EndProject
Project("{FAE04EC0-301F-11D3-BF4B-00C04F79EFBC}") = "Isbm2RestClient.Test", "src\Isbm2RestClient.Test\Isbm2RestClient.Test.csproj", "{19F1DEBC-DE5E-4517-8062-F000CD499087}"
EndProject
Project("{2150E333-8FDC-42A3-9474-1A3956D46DE8}") = "src", "src", "{A6A8CC78-312F-48C1-8C43-3BE25936CA07}"
EndProject
Project("{FAE04EC0-301F-11D3-BF4B-00C04F79EFBC}") = "Isbm2Client", "src\Isbm2Client\Isbm2Client.csproj", "{3C93177F-00A4-404D-84CC-09A26CDBCADF}"
EndProject
Global
	GlobalSection(SolutionConfigurationPlatforms) = preSolution
		Debug|Any CPU = Debug|Any CPU
		Release|Any CPU = Release|Any CPU
	EndGlobalSection
	GlobalSection(ProjectConfigurationPlatforms) = postSolution
		{BAE8DD2D-390B-48CC-BDBC-4F1A88E1BF07}.Debug|Any CPU.ActiveCfg = Debug|Any CPU
		{BAE8DD2D-390B-48CC-BDBC-4F1A88E1BF07}.Debug|Any CPU.Build.0 = Debug|Any CPU
		{BAE8DD2D-390B-48CC-BDBC-4F1A88E1BF07}.Release|Any CPU.ActiveCfg = Release|Any CPU
		{BAE8DD2D-390B-48CC-BDBC-4F1A88E1BF07}.Release|Any CPU.Build.0 = Release|Any CPU
		{19F1DEBC-DE5E-4517-8062-F000CD499087}.Debug|Any CPU.ActiveCfg = Debug|Any CPU
		{19F1DEBC-DE5E-4517-8062-F000CD499087}.Debug|Any CPU.Build.0 = Debug|Any CPU
		{19F1DEBC-DE5E-4517-8062-F000CD499087}.Release|Any CPU.ActiveCfg = Release|Any CPU
		{19F1DEBC-DE5E-4517-8062-F000CD499087}.Release|Any CPU.Build.0 = Release|Any CPU
		{3C93177F-00A4-404D-84CC-09A26CDBCADF}.Debug|Any CPU.ActiveCfg = Debug|Any CPU
		{3C93177F-00A4-404D-84CC-09A26CDBCADF}.Debug|Any CPU.Build.0 = Debug|Any CPU
		{3C93177F-00A4-404D-84CC-09A26CDBCADF}.Release|Any CPU.ActiveCfg = Release|Any CPU
		{3C93177F-00A4-404D-84CC-09A26CDBCADF}.Release|Any CPU.Build.0 = Release|Any CPU
	EndGlobalSection
	GlobalSection(SolutionProperties) = preSolution
		HideSolutionNode = FALSE
	EndGlobalSection
	GlobalSection(NestedProjects) = preSolution
		{3C93177F-00A4-404D-84CC-09A26CDBCADF} = {A6A8CC78-312F-48C1-8C43-3BE25936CA07}
	EndGlobalSection
EndGlobal
